// !$*UTF8*$!
{
	archiveVersion = 1;
	classes = {
	};
	objectVersion = 50;
	objects = {

/* Begin PBXBuildFile section */
		5FB5DBB523D8F3DB00F3A6AD /* AppDelegate.swift in Sources */ = {isa = PBXBuildFile; fileRef = 5FB5DBB423D8F3DB00F3A6AD /* AppDelegate.swift */; };
		5FB5DBB723D8F3DB00F3A6AD /* SceneDelegate.swift in Sources */ = {isa = PBXBuildFile; fileRef = 5FB5DBB623D8F3DB00F3A6AD /* SceneDelegate.swift */; };
		5FB5DBB923D8F3DB00F3A6AD /* ViewController.swift in Sources */ = {isa = PBXBuildFile; fileRef = 5FB5DBB823D8F3DB00F3A6AD /* ViewController.swift */; };
		5FB5DBBC23D8F3DB00F3A6AD /* Main.storyboard in Resources */ = {isa = PBXBuildFile; fileRef = 5FB5DBBA23D8F3DB00F3A6AD /* Main.storyboard */; };
		5FB5DBBE23D8F3E100F3A6AD /* Assets.xcassets in Resources */ = {isa = PBXBuildFile; fileRef = 5FB5DBBD23D8F3E100F3A6AD /* Assets.xcassets */; };
		5FB5DBC123D8F3E100F3A6AD /* LaunchScreen.storyboard in Resources */ = {isa = PBXBuildFile; fileRef = 5FB5DBBF23D8F3E100F3A6AD /* LaunchScreen.storyboard */; };
/* End PBXBuildFile section */

/* Begin PBXFileReference section */
		5FB5DBB123D8F3DB00F3A6AD /* Plain Pasteboard.app */ = {isa = PBXFileReference; explicitFileType = wrapper.application; includeInIndex = 0; path = "Plain Pasteboard.app"; sourceTree = BUILT_PRODUCTS_DIR; };
		5FB5DBB423D8F3DB00F3A6AD /* AppDelegate.swift */ = {isa = PBXFileReference; lastKnownFileType = sourcecode.swift; path = AppDelegate.swift; sourceTree = "<group>"; };
		5FB5DBB623D8F3DB00F3A6AD /* SceneDelegate.swift */ = {isa = PBXFileReference; lastKnownFileType = sourcecode.swift; path = SceneDelegate.swift; sourceTree = "<group>"; };
		5FB5DBB823D8F3DB00F3A6AD /* ViewController.swift */ = {isa = PBXFileReference; lastKnownFileType = sourcecode.swift; path = ViewController.swift; sourceTree = "<group>"; };
		5FB5DBBB23D8F3DB00F3A6AD /* Base */ = {isa = PBXFileReference; lastKnownFileType = file.storyboard; name = Base; path = Base.lproj/Main.storyboard; sourceTree = "<group>"; };
		5FB5DBBD23D8F3E100F3A6AD /* Assets.xcassets */ = {isa = PBXFileReference; lastKnownFileType = folder.assetcatalog; path = Assets.xcassets; sourceTree = "<group>"; };
		5FB5DBC023D8F3E100F3A6AD /* Base */ = {isa = PBXFileReference; lastKnownFileType = file.storyboard; name = Base; path = Base.lproj/LaunchScreen.storyboard; sourceTree = "<group>"; };
		5FB5DBC223D8F3E100F3A6AD /* Info.plist */ = {isa = PBXFileReference; lastKnownFileType = text.plist.xml; path = Info.plist; sourceTree = "<group>"; };
/* End PBXFileReference section */

/* Begin PBXFrameworksBuildPhase section */
		5FB5DBAE23D8F3DB00F3A6AD /* Frameworks */ = {
			isa = PBXFrameworksBuildPhase;
			buildActionMask = 2147483647;
			files = (
			);
			runOnlyForDeploymentPostprocessing = 0;
		};
/* End PBXFrameworksBuildPhase section */

/* Begin PBXGroup section */
		5FB5DBA823D8F3DB00F3A6AD = {
			isa = PBXGroup;
			children = (
				5FB5DBB323D8F3DB00F3A6AD /* Plain Pasteboard */,
				5FB5DBB223D8F3DB00F3A6AD /* Products */,
			);
			sourceTree = "<group>";
		};
		5FB5DBB223D8F3DB00F3A6AD /* Products */ = {
			isa = PBXGroup;
			children = (
				5FB5DBB123D8F3DB00F3A6AD /* Plain Pasteboard.app */,
			);
			name = Products;
			sourceTree = "<group>";
		};
		5FB5DBB323D8F3DB00F3A6AD /* Plain Pasteboard */ = {
			isa = PBXGroup;
			children = (
				5FB5DBB423D8F3DB00F3A6AD /* AppDelegate.swift */,
				5FB5DBB623D8F3DB00F3A6AD /* SceneDelegate.swift */,
				5FB5DBB823D8F3DB00F3A6AD /* ViewController.swift */,
				5FB5DBBA23D8F3DB00F3A6AD /* Main.storyboard */,
				5FB5DBBD23D8F3E100F3A6AD /* Assets.xcassets */,
				5FB5DBBF23D8F3E100F3A6AD /* LaunchScreen.storyboard */,
				5FB5DBC223D8F3E100F3A6AD /* Info.plist */,
			);
			path = "Plain Pasteboard";
			sourceTree = "<group>";
		};
/* End PBXGroup section */

/* Begin PBXNativeTarget section */
		5FB5DBB023D8F3DB00F3A6AD /* Plain Pasteboard */ = {
			isa = PBXNativeTarget;
			buildConfigurationList = 5FB5DBC523D8F3E100F3A6AD /* Build configuration list for PBXNativeTarget "Plain Pasteboard" */;
			buildPhases = (
				5FB5DBAD23D8F3DB00F3A6AD /* Sources */,
				5FB5DBAE23D8F3DB00F3A6AD /* Frameworks */,
				5FB5DBAF23D8F3DB00F3A6AD /* Resources */,
			);
			buildRules = (
			);
			dependencies = (
			);
			name = "Plain Pasteboard";
			productName = "Plain Pasteboard";
			productReference = 5FB5DBB123D8F3DB00F3A6AD /* Plain Pasteboard.app */;
			productType = "com.apple.product-type.application";
		};
/* End PBXNativeTarget section */

/* Begin PBXProject section */
		5FB5DBA923D8F3DB00F3A6AD /* Project object */ = {
			isa = PBXProject;
			attributes = {
				LastSwiftUpdateCheck = 1110;
				LastUpgradeCheck = 1110;
				ORGANIZATIONNAME = "Suada Haji";
				TargetAttributes = {
					5FB5DBB023D8F3DB00F3A6AD = {
						CreatedOnToolsVersion = 11.1;
					};
				};
			};
			buildConfigurationList = 5FB5DBAC23D8F3DB00F3A6AD /* Build configuration list for PBXProject "Plain Pasteboard" */;
			compatibilityVersion = "Xcode 9.3";
			developmentRegion = en;
			hasScannedForEncodings = 0;
			knownRegions = (
				en,
				Base,
			);
			mainGroup = 5FB5DBA823D8F3DB00F3A6AD;
			productRefGroup = 5FB5DBB223D8F3DB00F3A6AD /* Products */;
			projectDirPath = "";
			projectRoot = "";
			targets = (
				5FB5DBB023D8F3DB00F3A6AD /* Plain Pasteboard */,
			);
		};
/* End PBXProject section */

/* Begin PBXResourcesBuildPhase section */
		5FB5DBAF23D8F3DB00F3A6AD /* Resources */ = {
			isa = PBXResourcesBuildPhase;
			buildActionMask = 2147483647;
			files = (
				5FB5DBC123D8F3E100F3A6AD /* LaunchScreen.storyboard in Resources */,
				5FB5DBBE23D8F3E100F3A6AD /* Assets.xcassets in Resources */,
				5FB5DBBC23D8F3DB00F3A6AD /* Main.storyboard in Resources */,
			);
			runOnlyForDeploymentPostprocessing = 0;
		};
/* End PBXResourcesBuildPhase section */

/* Begin PBXSourcesBuildPhase section */
		5FB5DBAD23D8F3DB00F3A6AD /* Sources */ = {
			isa = PBXSourcesBuildPhase;
			buildActionMask = 2147483647;
			files = (
				5FB5DBB923D8F3DB00F3A6AD /* ViewController.swift in Sources */,
				5FB5DBB523D8F3DB00F3A6AD /* AppDelegate.swift in Sources */,
				5FB5DBB723D8F3DB00F3A6AD /* SceneDelegate.swift in Sources */,
			);
			runOnlyForDeploymentPostprocessing = 0;
		};
/* End PBXSourcesBuildPhase section */

/* Begin PBXVariantGroup section */
		5FB5DBBA23D8F3DB00F3A6AD /* Main.storyboard */ = {
			isa = PBXVariantGroup;
			children = (
				5FB5DBBB23D8F3DB00F3A6AD /* Base */,
			);
			name = Main.storyboard;
			sourceTree = "<group>";
		};
		5FB5DBBF23D8F3E100F3A6AD /* LaunchScreen.storyboard */ = {
			isa = PBXVariantGroup;
			children = (
				5FB5DBC023D8F3E100F3A6AD /* Base */,
			);
			name = LaunchScreen.storyboard;
			sourceTree = "<group>";
		};
/* End PBXVariantGroup section */

/* Begin XCBuildConfiguration section */
		5FB5DBC323D8F3E100F3A6AD /* Debug */ = {
			isa = XCBuildConfiguration;
			buildSettings = {
				ALWAYS_SEARCH_USER_PATHS = NO;
				CLANG_ANALYZER_NONNULL = YES;
				CLANG_ANALYZER_NUMBER_OBJECT_CONVERSION = YES_AGGRESSIVE;
				CLANG_CXX_LANGUAGE_STANDARD = "gnu++14";
				CLANG_CXX_LIBRARY = "libc++";
				CLANG_ENABLE_MODULES = YES;
				CLANG_ENABLE_OBJC_ARC = YES;
				CLANG_ENABLE_OBJC_WEAK = YES;
				CLANG_WARN_BLOCK_CAPTURE_AUTORELEASING = YES;
				CLANG_WARN_BOOL_CONVERSION = YES;
				CLANG_WARN_COMMA = YES;
				CLANG_WARN_CONSTANT_CONVERSION = YES;
				CLANG_WARN_DEPRECATED_OBJC_IMPLEMENTATIONS = YES;
				CLANG_WARN_DIRECT_OBJC_ISA_USAGE = YES_ERROR;
				CLANG_WARN_DOCUMENTATION_COMMENTS = YES;
				CLANG_WARN_EMPTY_BODY = YES;
				CLANG_WARN_ENUM_CONVERSION = YES;
				CLANG_WARN_INFINITE_RECURSION = YES;
				CLANG_WARN_INT_CONVERSION = YES;
				CLANG_WARN_NON_LITERAL_NULL_CONVERSION = YES;
				CLANG_WARN_OBJC_IMPLICIT_RETAIN_SELF = YES;
				CLANG_WARN_OBJC_LITERAL_CONVERSION = YES;
				CLANG_WARN_OBJC_ROOT_CLASS = YES_ERROR;
				CLANG_WARN_RANGE_LOOP_ANALYSIS = YES;
				CLANG_WARN_STRICT_PROTOTYPES = YES;
				CLANG_WARN_SUSPICIOUS_MOVE = YES;
				CLANG_WARN_UNGUARDED_AVAILABILITY = YES_AGGRESSIVE;
				CLANG_WARN_UNREACHABLE_CODE = YES;
				CLANG_WARN__DUPLICATE_METHOD_MATCH = YES;
				COPY_PHASE_STRIP = NO;
				DEBUG_INFORMATION_FORMAT = dwarf;
				ENABLE_STRICT_OBJC_MSGSEND = YES;
				ENABLE_TESTABILITY = YES;
				GCC_C_LANGUAGE_STANDARD = gnu11;
				GCC_DYNAMIC_NO_PIC = NO;
				GCC_NO_COMMON_BLOCKS = YES;
				GCC_OPTIMIZATION_LEVEL = 0;
				GCC_PREPROCESSOR_DEFINITIONS = (
					"DEBUG=1",
					"$(inherited)",
				);
				GCC_WARN_64_TO_32_BIT_CONVERSION = YES;
				GCC_WARN_ABOUT_RETURN_TYPE = YES_ERROR;
				GCC_WARN_UNDECLARED_SELECTOR = YES;
				GCC_WARN_UNINITIALIZED_AUTOS = YES_AGGRESSIVE;
				GCC_WARN_UNUSED_FUNCTION = YES;
				GCC_WARN_UNUSED_VARIABLE = YES;
				IPHONEOS_DEPLOYMENT_TARGET = 13.1;
				MTL_ENABLE_DEBUG_INFO = INCLUDE_SOURCE;
				MTL_FAST_MATH = YES;
				ONLY_ACTIVE_ARCH = YES;
				SDKROOT = iphoneos;
				SWIFT_ACTIVE_COMPILATION_CONDITIONS = DEBUG;
				SWIFT_OPTIMIZATION_LEVEL = "-Onone";
			};
			name = Debug;
		};
		5FB5DBC423D8F3E100F3A6AD /* Release */ = {
			isa = XCBuildConfiguration;
			buildSettings = {
				ALWAYS_SEARCH_USER_PATHS = NO;
				CLANG_ANALYZER_NONNULL = YES;
				CLANG_ANALYZER_NUMBER_OBJECT_CONVERSION = YES_AGGRESSIVE;
				CLANG_CXX_LANGUAGE_STANDARD = "gnu++14";
				CLANG_CXX_LIBRARY = "libc++";
				CLANG_ENABLE_MODULES = YES;
				CLANG_ENABLE_OBJC_ARC = YES;
				CLANG_ENABLE_OBJC_WEAK = YES;
				CLANG_WARN_BLOCK_CAPTURE_AUTORELEASING = YES;
				CLANG_WARN_BOOL_CONVERSION = YES;
				CLANG_WARN_COMMA = YES;
				CLANG_WARN_CONSTANT_CONVERSION = YES;
				CLANG_WARN_DEPRECATED_OBJC_IMPLEMENTATIONS = YES;
				CLANG_WARN_DIRECT_OBJC_ISA_USAGE = YES_ERROR;
				CLANG_WARN_DOCUMENTATION_COMMENTS = YES;
				CLANG_WARN_EMPTY_BODY = YES;
				CLANG_WARN_ENUM_CONVERSION = YES;
				CLANG_WARN_INFINITE_RECURSION = YES;
				CLANG_WARN_INT_CONVERSION = YES;
				CLANG_WARN_NON_LITERAL_NULL_CONVERSION = YES;
				CLANG_WARN_OBJC_IMPLICIT_RETAIN_SELF = YES;
				CLANG_WARN_OBJC_LITERAL_CONVERSION = YES;
				CLANG_WARN_OBJC_ROOT_CLASS = YES_ERROR;
				CLANG_WARN_RANGE_LOOP_ANALYSIS = YES;
				CLANG_WARN_STRICT_PROTOTYPES = YES;
				CLANG_WARN_SUSPICIOUS_MOVE = YES;
				CLANG_WARN_UNGUARDED_AVAILABILITY = YES_AGGRESSIVE;
				CLANG_WARN_UNREACHABLE_CODE = YES;
				CLANG_WARN__DUPLICATE_METHOD_MATCH = YES;
				COPY_PHASE_STRIP = NO;
				DEBUG_INFORMATION_FORMAT = "dwarf-with-dsym";
				ENABLE_NS_ASSERTIONS = NO;
				ENABLE_STRICT_OBJC_MSGSEND = YES;
				GCC_C_LANGUAGE_STANDARD = gnu11;
				GCC_NO_COMMON_BLOCKS = YES;
				GCC_WARN_64_TO_32_BIT_CONVERSION = YES;
				GCC_WARN_ABOUT_RETURN_TYPE = YES_ERROR;
				GCC_WARN_UNDECLARED_SELECTOR = YES;
				GCC_WARN_UNINITIALIZED_AUTOS = YES_AGGRESSIVE;
				GCC_WARN_UNUSED_FUNCTION = YES;
				GCC_WARN_UNUSED_VARIABLE = YES;
				IPHONEOS_DEPLOYMENT_TARGET = 13.1;
				MTL_ENABLE_DEBUG_INFO = NO;
				MTL_FAST_MATH = YES;
				SDKROOT = iphoneos;
				SWIFT_COMPILATION_MODE = wholemodule;
				SWIFT_OPTIMIZATION_LEVEL = "-O";
				VALIDATE_PRODUCT = YES;
			};
			name = Release;
		};
		5FB5DBC623D8F3E100F3A6AD /* Debug */ = {
			isa = XCBuildConfiguration;
			buildSettings = {
				ASSETCATALOG_COMPILER_APPICON_NAME = AppIcon;
				CODE_SIGN_STYLE = Automatic;
				INFOPLIST_FILE = "Plain Pasteboard/Info.plist";
				LD_RUNPATH_SEARCH_PATHS = (
					"$(inherited)",
					"@executable_path/Frameworks",
				);
				PRODUCT_BUNDLE_IDENTIFIER = "com.suadahaji.Plain-Pasteboard";
				PRODUCT_NAME = "$(TARGET_NAME)";
				SWIFT_VERSION = 5.0;
				TARGETED_DEVICE_FAMILY = "1,2";
			};
			name = Debug;
		};
		5FB5DBC723D8F3E100F3A6AD /* Release */ = {
			isa = XCBuildConfiguration;
			buildSettings = {
				ASSETCATALOG_COMPILER_APPICON_NAME = AppIcon;
				CODE_SIGN_STYLE = Automatic;
				INFOPLIST_FILE = "Plain Pasteboard/Info.plist";
				LD_RUNPATH_SEARCH_PATHS = (
					"$(inherited)",
					"@executable_path/Frameworks",
				);
				PRODUCT_BUNDLE_IDENTIFIER = "com.suadahaji.Plain-Pasteboard";
				PRODUCT_NAME = "$(TARGET_NAME)";
				SWIFT_VERSION = 5.0;
				TARGETED_DEVICE_FAMILY = "1,2";
			};
			name = Release;
		};
/* End XCBuildConfiguration section */

/* Begin XCConfigurationList section */
		5FB5DBAC23D8F3DB00F3A6AD /* Build configuration list for PBXProject "Plain Pasteboard" */ = {
			isa = XCConfigurationList;
			buildConfigurations = (
				5FB5DBC323D8F3E100F3A6AD /* Debug */,
				5FB5DBC423D8F3E100F3A6AD /* Release */,
			);
			defaultConfigurationIsVisible = 0;
			defaultConfigurationName = Release;
		};
		5FB5DBC523D8F3E100F3A6AD /* Build configuration list for PBXNativeTarget "Plain Pasteboard" */ = {
			isa = XCConfigurationList;
			buildConfigurations = (
				5FB5DBC623D8F3E100F3A6AD /* Debug */,
				5FB5DBC723D8F3E100F3A6AD /* Release */,
			);
			defaultConfigurationIsVisible = 0;
			defaultConfigurationName = Release;
		};
/* End XCConfigurationList section */
	};
	rootObject = 5FB5DBA923D8F3DB00F3A6AD /* Project object */;
}
